
Microsoft Visual Studio Solution File, Format Version 12.00
# Visual Studio Version 16
VisualStudioVersion = 16.0.30523.141
MinimumVisualStudioVersion = 10.0.40219.1
Project("{FAE04EC0-301F-11D3-BF4B-00C04F79EFBC}") = "GUI", "GUI\GUI.csproj", "{C021D193-3044-405F-B929-5A8078F12BCB}"
EndProject
Project("{FAE04EC0-301F-11D3-BF4B-00C04F79EFBC}") = "DTO", "DTO\DTO.csproj", "{D83144F5-30A1-4926-81A9-E2F5D6EBDBCE}"
EndProject
Project("{FAE04EC0-301F-11D3-BF4B-00C04F79EFBC}") = "DAL", "DAL\DAL.csproj", "{289A06A1-9E04-470F-B80D-0D1F8490165C}"
EndProject
Global
	GlobalSection(SolutionConfigurationPlatforms) = preSolution
		Debug|Any CPU = Debug|Any CPU
		Release|Any CPU = Release|Any CPU
	EndGlobalSection
	GlobalSection(ProjectConfigurationPlatforms) = postSolution
		{C021D193-3044-405F-B929-5A8078F12BCB}.Debug|Any CPU.ActiveCfg = Debug|Any CPU
		{C021D193-3044-405F-B929-5A8078F12BCB}.Debug|Any CPU.Build.0 = Debug|Any CPU
		{C021D193-3044-405F-B929-5A8078F12BCB}.Release|Any CPU.ActiveCfg = Release|Any CPU
		{C021D193-3044-405F-B929-5A8078F12BCB}.Release|Any CPU.Build.0 = Release|Any CPU
		{D83144F5-30A1-4926-81A9-E2F5D6EBDBCE}.Debug|Any CPU.ActiveCfg = Debug|Any CPU
		{D83144F5-30A1-4926-81A9-E2F5D6EBDBCE}.Debug|Any CPU.Build.0 = Debug|Any CPU
		{D83144F5-30A1-4926-81A9-E2F5D6EBDBCE}.Release|Any CPU.ActiveCfg = Release|Any CPU
		{D83144F5-30A1-4926-81A9-E2F5D6EBDBCE}.Release|Any CPU.Build.0 = Release|Any CPU
		{289A06A1-9E04-470F-B80D-0D1F8490165C}.Debug|Any CPU.ActiveCfg = Debug|Any CPU
		{289A06A1-9E04-470F-B80D-0D1F8490165C}.Debug|Any CPU.Build.0 = Debug|Any CPU
		{289A06A1-9E04-470F-B80D-0D1F8490165C}.Release|Any CPU.ActiveCfg = Release|Any CPU
		{289A06A1-9E04-470F-B80D-0D1F8490165C}.Release|Any CPU.Build.0 = Release|Any CPU
	EndGlobalSection
	GlobalSection(SolutionProperties) = preSolution
		HideSolutionNode = FALSE
	EndGlobalSection
	GlobalSection(ExtensibilityGlobals) = postSolution
		SolutionGuid = {737BAEBC-1EE0-4B58-86F0-4FED7E60B6E9}
	EndGlobalSection
EndGlobal
